
Microsoft Visual Studio Solution File, Format Version 12.00
# Visual Studio Version 17
VisualStudioVersion = 17.0.31903.59
MinimumVisualStudioVersion = 10.0.40219.1
Project("{FAE04EC0-301F-11D3-BF4B-00C04F79EFBC}") = "TiberiumDusk.Sim", "TiberiumDusk.Sim\TiberiumDusk.Sim.csproj", "{101C5F3A-1632-4C62-B8CC-C39E31C9F02D}"
EndProject
Project("{FAE04EC0-301F-11D3-BF4B-00C04F79EFBC}") = "TiberiumDusk.Balance", "TiberiumDusk.Balance\TiberiumDusk.Balance.csproj", "{00280804-E41E-4E7F-BADA-29FB110F6CF9}"
EndProject
Project("{FAE04EC0-301F-11D3-BF4B-00C04F79EFBC}") = "TiberiumDusk.Sim.Tests", "TiberiumDusk.Sim.Tests\TiberiumDusk.Sim.Tests.csproj", "{125E52CE-FEC6-442F-8193-0CDC21B9B4B0}"
EndProject
Project("{FAE04EC0-301F-11D3-BF4B-00C04F79EFBC}") = "TiberiumDusk.Net", "TiberiumDusk.Net\TiberiumDusk.Net.csproj", "{1CC19C6A-F731-4296-88C5-41B8E077B145}"
EndProject
Project("{FAE04EC0-301F-11D3-BF4B-00C04F79EFBC}") = "TiberiumDusk.Server", "..\server\TiberiumDusk.Server\TiberiumDusk.Server.csproj", "{52E0B1A8-244E-4F4D-8503-94168D3ECE67}"
EndProject
Global
	GlobalSection(SolutionConfigurationPlatforms) = preSolution
		Debug|Any CPU = Debug|Any CPU
		Release|Any CPU = Release|Any CPU
	EndGlobalSection
	GlobalSection(SolutionProperties) = preSolution
		HideSolutionNode = FALSE
	EndGlobalSection
	GlobalSection(ProjectConfigurationPlatforms) = postSolution
		{101C5F3A-1632-4C62-B8CC-C39E31C9F02D}.Debug|Any CPU.ActiveCfg = Debug|Any CPU
		{101C5F3A-1632-4C62-B8CC-C39E31C9F02D}.Debug|Any CPU.Build.0 = Debug|Any CPU
		{101C5F3A-1632-4C62-B8CC-C39E31C9F02D}.Release|Any CPU.ActiveCfg = Release|Any CPU
		{101C5F3A-1632-4C62-B8CC-C39E31C9F02D}.Release|Any CPU.Build.0 = Release|Any CPU
		{00280804-E41E-4E7F-BADA-29FB110F6CF9}.Debug|Any CPU.ActiveCfg = Debug|Any CPU
		{00280804-E41E-4E7F-BADA-29FB110F6CF9}.Debug|Any CPU.Build.0 = Debug|Any CPU
		{00280804-E41E-4E7F-BADA-29FB110F6CF9}.Release|Any CPU.ActiveCfg = Release|Any CPU
		{00280804-E41E-4E7F-BADA-29FB110F6CF9}.Release|Any CPU.Build.0 = Release|Any CPU
		{125E52CE-FEC6-442F-8193-0CDC21B9B4B0}.Debug|Any CPU.ActiveCfg = Debug|Any CPU
		{125E52CE-FEC6-442F-8193-0CDC21B9B4B0}.Debug|Any CPU.Build.0 = Debug|Any CPU
		{125E52CE-FEC6-442F-8193-0CDC21B9B4B0}.Release|Any CPU.ActiveCfg = Release|Any CPU
		{125E52CE-FEC6-442F-8193-0CDC21B9B4B0}.Release|Any CPU.Build.0 = Release|Any CPU
		{1CC19C6A-F731-4296-88C5-41B8E077B145}.Debug|Any CPU.ActiveCfg = Debug|Any CPU
		{1CC19C6A-F731-4296-88C5-41B8E077B145}.Debug|Any CPU.Build.0 = Debug|Any CPU
		{1CC19C6A-F731-4296-88C5-41B8E077B145}.Release|Any CPU.ActiveCfg = Release|Any CPU
		{1CC19C6A-F731-4296-88C5-41B8E077B145}.Release|Any CPU.Build.0 = Release|Any CPU
		{52E0B1A8-244E-4F4D-8503-94168D3ECE67}.Debug|Any CPU.ActiveCfg = Debug|Any CPU
		{52E0B1A8-244E-4F4D-8503-94168D3ECE67}.Debug|Any CPU.Build.0 = Debug|Any CPU
		{52E0B1A8-244E-4F4D-8503-94168D3ECE67}.Release|Any CPU.ActiveCfg = Release|Any CPU
		{52E0B1A8-244E-4F4D-8503-94168D3ECE67}.Release|Any CPU.Build.0 = Release|Any CPU
	EndGlobalSection
EndGlobal
